// !$*UTF8*$!
{
	archiveVersion = 1;
	classes = {
	};
	objectVersion = 55;
	objects = {

/* Begin PBXBuildFile section */
		D33CBA6A28447D40003307B6 /* DisenioApp.swift in Sources */ = {isa = PBXBuildFile; fileRef = D33CBA6928447D40003307B6 /* DisenioApp.swift */; };
		D33CBA6C28447D40003307B6 /* ContentView.swift in Sources */ = {isa = PBXBuildFile; fileRef = D33CBA6B28447D40003307B6 /* ContentView.swift */; };
		D33CBA6E28447D42003307B6 /* Assets.xcassets in Resources */ = {isa = PBXBuildFile; fileRef = D33CBA6D28447D42003307B6 /* Assets.xcassets */; };
		D33CBA7128447D42003307B6 /* Preview Assets.xcassets in Resources */ = {isa = PBXBuildFile; fileRef = D33CBA7028447D42003307B6 /* Preview Assets.xcassets */; };
		D33CBA8528447D42003307B6 /* DisenioUITests.swift in Sources */ = {isa = PBXBuildFile; fileRef = D33CBA8428447D42003307B6 /* DisenioUITests.swift */; };
		D33CBA8728447D42003307B6 /* DisenioUITestsLaunchTests.swift in Sources */ = {isa = PBXBuildFile; fileRef = D33CBA8628447D42003307B6 /* DisenioUITestsLaunchTests.swift */; };
/* End PBXBuildFile section */

/* Begin PBXContainerItemProxy section */
		D33CBA7728447D42003307B6 /* PBXContainerItemProxy */ = {
			isa = PBXContainerItemProxy;
			containerPortal = D33CBA5E28447D40003307B6 /* Project object */;
			proxyType = 1;
			remoteGlobalIDString = D33CBA6528447D40003307B6;
			remoteInfo = Disenio;
		};
		D33CBA8128447D42003307B6 /* PBXContainerItemProxy */ = {
			isa = PBXContainerItemProxy;
			containerPortal = D33CBA5E28447D40003307B6 /* Project object */;
			proxyType = 1;
			remoteGlobalIDString = D33CBA6528447D40003307B6;
			remoteInfo = Disenio;
		};
/* End PBXContainerItemProxy section */

/* Begin PBXFileReference section */
		D33CBA6628447D40003307B6 /* Disenio.app */ = {isa = PBXFileReference; explicitFileType = wrapper.application; includeInIndex = 0; path = Disenio.app; sourceTree = BUILT_PRODUCTS_DIR; };
		D33CBA6928447D40003307B6 /* DisenioApp.swift */ = {isa = PBXFileReference; lastKnownFileType = sourcecode.swift; path = DisenioApp.swift; sourceTree = "<group>"; };
		D33CBA6B28447D40003307B6 /* ContentView.swift */ = {isa = PBXFileReference; lastKnownFileType = sourcecode.swift; path = ContentView.swift; sourceTree = "<group>"; };
		D33CBA6D28447D42003307B6 /* Assets.xcassets */ = {isa = PBXFileReference; lastKnownFileType = folder.assetcatalog; path = Assets.xcassets; sourceTree = "<group>"; };
		D33CBA7028447D42003307B6 /* Preview Assets.xcassets */ = {isa = PBXFileReference; lastKnownFileType = folder.assetcatalog; path = "Preview Assets.xcassets"; sourceTree = "<group>"; };
		D33CBA7628447D42003307B6 /* DisenioTests.xctest */ = {isa = PBXFileReference; explicitFileType = wrapper.cfbundle; includeInIndex = 0; path = DisenioTests.xctest; sourceTree = BUILT_PRODUCTS_DIR; };
		D33CBA8028447D42003307B6 /* DisenioUITests.xctest */ = {isa = PBXFileReference; explicitFileType = wrapper.cfbundle; includeInIndex = 0; path = DisenioUITests.xctest; sourceTree = BUILT_PRODUCTS_DIR; };
		D33CBA8428447D42003307B6 /* DisenioUITests.swift */ = {isa = PBXFileReference; lastKnownFileType = sourcecode.swift; path = DisenioUITests.swift; sourceTree = "<group>"; };
		D33CBA8628447D42003307B6 /* DisenioUITestsLaunchTests.swift */ = {isa = PBXFileReference; lastKnownFileType = sourcecode.swift; path = DisenioUITestsLaunchTests.swift; sourceTree = "<group>"; };
/* End PBXFileReference section */

/* Begin PBXFrameworksBuildPhase section */
		D33CBA6328447D40003307B6 /* Frameworks */ = {
			isa = PBXFrameworksBuildPhase;
			buildActionMask = 2147483647;
			files = (
			);
			runOnlyForDeploymentPostprocessing = 0;
		};
		D33CBA7328447D42003307B6 /* Frameworks */ = {
			isa = PBXFrameworksBuildPhase;
			buildActionMask = 2147483647;
			files = (
			);
			runOnlyForDeploymentPostprocessing = 0;
		};
		D33CBA7D28447D42003307B6 /* Frameworks */ = {
			isa = PBXFrameworksBuildPhase;
			buildActionMask = 2147483647;
			files = (
			);
			runOnlyForDeploymentPostprocessing = 0;
		};
/* End PBXFrameworksBuildPhase section */

/* Begin PBXGroup section */
		D33CBA5D28447D40003307B6 = {
			isa = PBXGroup;
			children = (
				D33CBA6828447D40003307B6 /* Disenio */,
				D33CBA7928447D42003307B6 /* DisenioTests */,
				D33CBA8328447D42003307B6 /* DisenioUITests */,
				D33CBA6728447D40003307B6 /* Products */,
			);
			sourceTree = "<group>";
		};
		D33CBA6728447D40003307B6 /* Products */ = {
			isa = PBXGroup;
			children = (
				D33CBA6628447D40003307B6 /* Disenio.app */,
				D33CBA7628447D42003307B6 /* DisenioTests.xctest */,
				D33CBA8028447D42003307B6 /* DisenioUITests.xctest */,
			);
			name = Products;
			sourceTree = "<group>";
		};
		D33CBA6828447D40003307B6 /* Disenio */ = {
			isa = PBXGroup;
			children = (
				D33CBA6928447D40003307B6 /* DisenioApp.swift */,
				D33CBA6B28447D40003307B6 /* ContentView.swift */,
				D33CBA6D28447D42003307B6 /* Assets.xcassets */,
				D33CBA6F28447D42003307B6 /* Preview Content */,
			);
			path = Disenio;
			sourceTree = "<group>";
		};
		D33CBA6F28447D42003307B6 /* Preview Content */ = {
			isa = PBXGroup;
			children = (
				D33CBA7028447D42003307B6 /* Preview Assets.xcassets */,
			);
			path = "Preview Content";
			sourceTree = "<group>";
		};
		D33CBA7928447D42003307B6 /* DisenioTests */ = {
			isa = PBXGroup;
			children = (
			);
			path = DisenioTests;
			sourceTree = "<group>";
		};
		D33CBA8328447D42003307B6 /* DisenioUITests */ = {
			isa = PBXGroup;
			children = (
				D33CBA8428447D42003307B6 /* DisenioUITests.swift */,
				D33CBA8628447D42003307B6 /* DisenioUITestsLaunchTests.swift */,
			);
			path = DisenioUITests;
			sourceTree = "<group>";
		};
/* End PBXGroup section */

/* Begin PBXNativeTarget section */
		D33CBA6528447D40003307B6 /* Disenio */ = {
			isa = PBXNativeTarget;
			buildConfigurationList = D33CBA8A28447D42003307B6 /* Build configuration list for PBXNativeTarget "Disenio" */;
			buildPhases = (
				D33CBA6228447D40003307B6 /* Sources */,
				D33CBA6328447D40003307B6 /* Frameworks */,
				D33CBA6428447D40003307B6 /* Resources */,
			);
			buildRules = (
			);
			dependencies = (
			);
			name = Disenio;
			productName = Disenio;
			productReference = D33CBA6628447D40003307B6 /* Disenio.app */;
			productType = "com.apple.product-type.application";
		};
		D33CBA7528447D42003307B6 /* DisenioTests */ = {
			isa = PBXNativeTarget;
			buildConfigurationList = D33CBA8D28447D42003307B6 /* Build configuration list for PBXNativeTarget "DisenioTests" */;
			buildPhases = (
				D33CBA7228447D42003307B6 /* Sources */,
				D33CBA7328447D42003307B6 /* Frameworks */,
				D33CBA7428447D42003307B6 /* Resources */,
			);
			buildRules = (
			);
			dependencies = (
				D33CBA7828447D42003307B6 /* PBXTargetDependency */,
			);
			name = DisenioTests;
			productName = DisenioTests;
			productReference = D33CBA7628447D42003307B6 /* DisenioTests.xctest */;
			productType = "com.apple.product-type.bundle.unit-test";
		};
		D33CBA7F28447D42003307B6 /* DisenioUITests */ = {
			isa = PBXNativeTarget;
			buildConfigurationList = D33CBA9028447D42003307B6 /* Build configuration list for PBXNativeTarget "DisenioUITests" */;
			buildPhases = (
				D33CBA7C28447D42003307B6 /* Sources */,
				D33CBA7D28447D42003307B6 /* Frameworks */,
				D33CBA7E28447D42003307B6 /* Resources */,
			);
			buildRules = (
			);
			dependencies = (
				D33CBA8228447D42003307B6 /* PBXTargetDependency */,
			);
			name = DisenioUITests;
			productName = DisenioUITests;
			productReference = D33CBA8028447D42003307B6 /* DisenioUITests.xctest */;
			productType = "com.apple.product-type.bundle.ui-testing";
		};
/* End PBXNativeTarget section */

/* Begin PBXProject section */
		D33CBA5E28447D40003307B6 /* Project object */ = {
			isa = PBXProject;
			attributes = {
				BuildIndependentTargetsInParallel = 1;
				LastSwiftUpdateCheck = 1340;
				LastUpgradeCheck = 1340;
				TargetAttributes = {
					D33CBA6528447D40003307B6 = {
						CreatedOnToolsVersion = 13.4;
					};
					D33CBA7528447D42003307B6 = {
						CreatedOnToolsVersion = 13.4;
						TestTargetID = D33CBA6528447D40003307B6;
					};
					D33CBA7F28447D42003307B6 = {
						CreatedOnToolsVersion = 13.4;
						TestTargetID = D33CBA6528447D40003307B6;
					};
				};
			};
			buildConfigurationList = D33CBA6128447D40003307B6 /* Build configuration list for PBXProject "Disenio" */;
			compatibilityVersion = "Xcode 13.0";
			developmentRegion = en;
			hasScannedForEncodings = 0;
			knownRegions = (
				en,
				Base,
			);
			mainGroup = D33CBA5D28447D40003307B6;
			productRefGroup = D33CBA6728447D40003307B6 /* Products */;
			projectDirPath = "";
			projectRoot = "";
			targets = (
				D33CBA6528447D40003307B6 /* Disenio */,
				D33CBA7528447D42003307B6 /* DisenioTests */,
				D33CBA7F28447D42003307B6 /* DisenioUITests */,
			);
		};
/* End PBXProject section */

/* Begin PBXResourcesBuildPhase section */
		D33CBA6428447D40003307B6 /* Resources */ = {
			isa = PBXResourcesBuildPhase;
			buildActionMask = 2147483647;
			files = (
				D33CBA7128447D42003307B6 /* Preview Assets.xcassets in Resources */,
				D33CBA6E28447D42003307B6 /* Assets.xcassets in Resources */,
			);
			runOnlyForDeploymentPostprocessing = 0;
		};
		D33CBA7428447D42003307B6 /* Resources */ = {
			isa = PBXResourcesBuildPhase;
			buildActionMask = 2147483647;
			files = (
			);
			runOnlyForDeploymentPostprocessing = 0;
		};
		D33CBA7E28447D42003307B6 /* Resources */ = {
			isa = PBXResourcesBuildPhase;
			buildActionMask = 2147483647;
			files = (
			);
			runOnlyForDeploymentPostprocessing = 0;
		};
/* End PBXResourcesBuildPhase section */

/* Begin PBXSourcesBuildPhase section */
		D33CBA6228447D40003307B6 /* Sources */ = {
			isa = PBXSourcesBuildPhase;
			buildActionMask = 2147483647;
			files = (
				D33CBA6C28447D40003307B6 /* ContentView.swift in Sources */,
				D33CBA6A28447D40003307B6 /* DisenioApp.swift in Sources */,
			);
			runOnlyForDeploymentPostprocessing = 0;
		};
		D33CBA7228447D42003307B6 /* Sources */ = {
			isa = PBXSourcesBuildPhase;
			buildActionMask = 2147483647;
			files = (
			);
			runOnlyForDeploymentPostprocessing = 0;
		};
		D33CBA7C28447D42003307B6 /* Sources */ = {
			isa = PBXSourcesBuildPhase;
			buildActionMask = 2147483647;
			files = (
				D33CBA8728447D42003307B6 /* DisenioUITestsLaunchTests.swift in Sources */,
				D33CBA8528447D42003307B6 /* DisenioUITests.swift in Sources */,
			);
			runOnlyForDeploymentPostprocessing = 0;
		};
/* End PBXSourcesBuildPhase section */

/* Begin PBXTargetDependency section */
		D33CBA7828447D42003307B6 /* PBXTargetDependency */ = {
			isa = PBXTargetDependency;
			target = D33CBA6528447D40003307B6 /* Disenio */;
			targetProxy = D33CBA7728447D42003307B6 /* PBXContainerItemProxy */;
		};
		D33CBA8228447D42003307B6 /* PBXTargetDependency */ = {
			isa = PBXTargetDependency;
			target = D33CBA6528447D40003307B6 /* Disenio */;
			targetProxy = D33CBA8128447D42003307B6 /* PBXContainerItemProxy */;
		};
/* End PBXTargetDependency section */

/* Begin XCBuildConfiguration section */
		D33CBA8828447D42003307B6 /* Debug */ = {
			isa = XCBuildConfiguration;
			buildSettings = {
				ALWAYS_SEARCH_USER_PATHS = NO;
				CLANG_ANALYZER_NONNULL = YES;
				CLANG_ANALYZER_NUMBER_OBJECT_CONVERSION = YES_AGGRESSIVE;
				CLANG_CXX_LANGUAGE_STANDARD = "gnu++17";
				CLANG_ENABLE_MODULES = YES;
				CLANG_ENABLE_OBJC_ARC = YES;
				CLANG_ENABLE_OBJC_WEAK = YES;
				CLANG_WARN_BLOCK_CAPTURE_AUTORELEASING = YES;
				CLANG_WARN_BOOL_CONVERSION = YES;
				CLANG_WARN_COMMA = YES;
				CLANG_WARN_CONSTANT_CONVERSION = YES;
				CLANG_WARN_DEPRECATED_OBJC_IMPLEMENTATIONS = YES;
				CLANG_WARN_DIRECT_OBJC_ISA_USAGE = YES_ERROR;
				CLANG_WARN_DOCUMENTATION_COMMENTS = YES;
				CLANG_WARN_EMPTY_BODY = YES;
				CLANG_WARN_ENUM_CONVERSION = YES;
				CLANG_WARN_INFINITE_RECURSION = YES;
				CLANG_WARN_INT_CONVERSION = YES;
				CLANG_WARN_NON_LITERAL_NULL_CONVERSION = YES;
				CLANG_WARN_OBJC_IMPLICIT_RETAIN_SELF = YES;
				CLANG_WARN_OBJC_LITERAL_CONVERSION = YES;
				CLANG_WARN_OBJC_ROOT_CLASS = YES_ERROR;
				CLANG_WARN_QUOTED_INCLUDE_IN_FRAMEWORK_HEADER = YES;
				CLANG_WARN_RANGE_LOOP_ANALYSIS = YES;
				CLANG_WARN_STRICT_PROTOTYPES = YES;
				CLANG_WARN_SUSPICIOUS_MOVE = YES;
				CLANG_WARN_UNGUARDED_AVAILABILITY = YES_AGGRESSIVE;
				CLANG_WARN_UNREACHABLE_CODE = YES;
				CLANG_WARN__DUPLICATE_METHOD_MATCH = YES;
				COPY_PHASE_STRIP = NO;
				DEBUG_INFORMATION_FORMAT = dwarf;
				ENABLE_STRICT_OBJC_MSGSEND = YES;
				ENABLE_TESTABILITY = YES;
				GCC_C_LANGUAGE_STANDARD = gnu11;
				GCC_DYNAMIC_NO_PIC = NO;
				GCC_NO_COMMON_BLOCKS = YES;
				GCC_OPTIMIZATION_LEVEL = 0;
				GCC_PREPROCESSOR_DEFINITIONS = (
					"DEBUG=1",
					"$(inherited)",
				);
				GCC_WARN_64_TO_32_BIT_CONVERSION = YES;
				GCC_WARN_ABOUT_RETURN_TYPE = YES_ERROR;
				GCC_WARN_UNDECLARED_SELECTOR = YES;
				GCC_WARN_UNINITIALIZED_AUTOS = YES_AGGRESSIVE;
				GCC_WARN_UNUSED_FUNCTION = YES;
				GCC_WARN_UNUSED_VARIABLE = YES;
				IPHONEOS_DEPLOYMENT_TARGET = 15.5;
				MTL_ENABLE_DEBUG_INFO = INCLUDE_SOURCE;
				MTL_FAST_MATH = YES;
				ONLY_ACTIVE_ARCH = YES;
				SDKROOT = iphoneos;
				SWIFT_ACTIVE_COMPILATION_CONDITIONS = DEBUG;
				SWIFT_OPTIMIZATION_LEVEL = "-Onone";
			};
			name = Debug;
		};
		D33CBA8928447D42003307B6 /* Release */ = {
			isa = XCBuildConfiguration;
			buildSettings = {
				ALWAYS_SEARCH_USER_PATHS = NO;
				CLANG_ANALYZER_NONNULL = YES;
				CLANG_ANALYZER_NUMBER_OBJECT_CONVERSION = YES_AGGRESSIVE;
				CLANG_CXX_LANGUAGE_STANDARD = "gnu++17";
				CLANG_ENABLE_MODULES = YES;
				CLANG_ENABLE_OBJC_ARC = YES;
				CLANG_ENABLE_OBJC_WEAK = YES;
				CLANG_WARN_BLOCK_CAPTURE_AUTORELEASING = YES;
				CLANG_WARN_BOOL_CONVERSION = YES;
				CLANG_WARN_COMMA = YES;
				CLANG_WARN_CONSTANT_CONVERSION = YES;
				CLANG_WARN_DEPRECATED_OBJC_IMPLEMENTATIONS = YES;
				CLANG_WARN_DIRECT_OBJC_ISA_USAGE = YES_ERROR;
				CLANG_WARN_DOCUMENTATION_COMMENTS = YES;
				CLANG_WARN_EMPTY_BODY = YES;
				CLANG_WARN_ENUM_CONVERSION = YES;
				CLANG_WARN_INFINITE_RECURSION = YES;
				CLANG_WARN_INT_CONVERSION = YES;
				CLANG_WARN_NON_LITERAL_NULL_CONVERSION = YES;
				CLANG_WARN_OBJC_IMPLICIT_RETAIN_SELF = YES;
				CLANG_WARN_OBJC_LITERAL_CONVERSION = YES;
				CLANG_WARN_OBJC_ROOT_CLASS = YES_ERROR;
				CLANG_WARN_QUOTED_INCLUDE_IN_FRAMEWORK_HEADER = YES;
				CLANG_WARN_RANGE_LOOP_ANALYSIS = YES;
				CLANG_WARN_STRICT_PROTOTYPES = YES;
				CLANG_WARN_SUSPICIOUS_MOVE = YES;
				CLANG_WARN_UNGUARDED_AVAILABILITY = YES_AGGRESSIVE;
				CLANG_WARN_UNREACHABLE_CODE = YES;
				CLANG_WARN__DUPLICATE_METHOD_MATCH = YES;
				COPY_PHASE_STRIP = NO;
				DEBUG_INFORMATION_FORMAT = "dwarf-with-dsym";
				ENABLE_NS_ASSERTIONS = NO;
				ENABLE_STRICT_OBJC_MSGSEND = YES;
				GCC_C_LANGUAGE_STANDARD = gnu11;
				GCC_NO_COMMON_BLOCKS = YES;
				GCC_WARN_64_TO_32_BIT_CONVERSION = YES;
				GCC_WARN_ABOUT_RETURN_TYPE = YES_ERROR;
				GCC_WARN_UNDECLARED_SELECTOR = YES;
				GCC_WARN_UNINITIALIZED_AUTOS = YES_AGGRESSIVE;
				GCC_WARN_UNUSED_FUNCTION = YES;
				GCC_WARN_UNUSED_VARIABLE = YES;
				IPHONEOS_DEPLOYMENT_TARGET = 15.5;
				MTL_ENABLE_DEBUG_INFO = NO;
				MTL_FAST_MATH = YES;
				SDKROOT = iphoneos;
				SWIFT_COMPILATION_MODE = wholemodule;
				SWIFT_OPTIMIZATION_LEVEL = "-O";
				VALIDATE_PRODUCT = YES;
			};
			name = Release;
		};
		D33CBA8B28447D42003307B6 /* Debug */ = {
			isa = XCBuildConfiguration;
			buildSettings = {
				ASSETCATALOG_COMPILER_APPICON_NAME = AppIcon;
				ASSETCATALOG_COMPILER_GLOBAL_ACCENT_COLOR_NAME = AccentColor;
				CODE_SIGN_STYLE = Automatic;
				CURRENT_PROJECT_VERSION = 1;
				DEVELOPMENT_ASSET_PATHS = "\"Disenio/Preview Content\"";
				ENABLE_PREVIEWS = YES;
				GENERATE_INFOPLIST_FILE = YES;
				INFOPLIST_KEY_UIApplicationSceneManifest_Generation = YES;
				INFOPLIST_KEY_UIApplicationSupportsIndirectInputEvents = YES;
				INFOPLIST_KEY_UILaunchScreen_Generation = YES;
				INFOPLIST_KEY_UISupportedInterfaceOrientations_iPad = "UIInterfaceOrientationPortrait UIInterfaceOrientationPortraitUpsideDown UIInterfaceOrientationLandscapeLeft UIInterfaceOrientationLandscapeRight";
				INFOPLIST_KEY_UISupportedInterfaceOrientations_iPhone = "UIInterfaceOrientationPortrait UIInterfaceOrientationLandscapeLeft UIInterfaceOrientationLandscapeRight";
				LD_RUNPATH_SEARCH_PATHS = (
					"$(inherited)",
					"@executable_path/Frameworks",
				);
				MARKETING_VERSION = 1.0;
				PRODUCT_BUNDLE_IDENTIFIER = com.jonathan.casillas.Disenio;
				PRODUCT_NAME = "$(TARGET_NAME)";
				SWIFT_EMIT_LOC_STRINGS = YES;
				SWIFT_VERSION = 5.0;
				TARGETED_DEVICE_FAMILY = "1,2";
			};
			name = Debug;
		};
		D33CBA8C28447D42003307B6 /* Release */ = {
			isa = XCBuildConfiguration;
			buildSettings = {
				ASSETCATALOG_COMPILER_APPICON_NAME = AppIcon;
				ASSETCATALOG_COMPILER_GLOBAL_ACCENT_COLOR_NAME = AccentColor;
				CODE_SIGN_STYLE = Automatic;
				CURRENT_PROJECT_VERSION = 1;
				DEVELOPMENT_ASSET_PATHS = "\"Disenio/Preview Content\"";
				ENABLE_PREVIEWS = YES;
				GENERATE_INFOPLIST_FILE = YES;
				INFOPLIST_KEY_UIApplicationSceneManifest_Generation = YES;
				INFOPLIST_KEY_UIApplicationSupportsIndirectInputEvents = YES;
				INFOPLIST_KEY_UILaunchScreen_Generation = YES;
				INFOPLIST_KEY_UISupportedInterfaceOrientations_iPad = "UIInterfaceOrientationPortrait UIInterfaceOrientationPortraitUpsideDown UIInterfaceOrientationLandscapeLeft UIInterfaceOrientationLandscapeRight";
				INFOPLIST_KEY_UISupportedInterfaceOrientations_iPhone = "UIInterfaceOrientationPortrait UIInterfaceOrientationLandscapeLeft UIInterfaceOrientationLandscapeRight";
				LD_RUNPATH_SEARCH_PATHS = (
					"$(inherited)",
					"@executable_path/Frameworks",
				);
				MARKETING_VERSION = 1.0;
				PRODUCT_BUNDLE_IDENTIFIER = com.jonathan.casillas.Disenio;
				PRODUCT_NAME = "$(TARGET_NAME)";
				SWIFT_EMIT_LOC_STRINGS = YES;
				SWIFT_VERSION = 5.0;
				TARGETED_DEVICE_FAMILY = "1,2";
			};
			name = Release;
		};
		D33CBA8E28447D42003307B6 /* Debug */ = {
			isa = XCBuildConfiguration;
			buildSettings = {
				ALWAYS_EMBED_SWIFT_STANDARD_LIBRARIES = YES;
				BUNDLE_LOADER = "$(TEST_HOST)";
				CODE_SIGN_STYLE = Automatic;
				CURRENT_PROJECT_VERSION = 1;
				GENERATE_INFOPLIST_FILE = YES;
				IPHONEOS_DEPLOYMENT_TARGET = 15.5;
				MARKETING_VERSION = 1.0;
				PRODUCT_BUNDLE_IDENTIFIER = com.jonathan.casillas.DisenioTests;
				PRODUCT_NAME = "$(TARGET_NAME)";
				SWIFT_EMIT_LOC_STRINGS = NO;
				SWIFT_VERSION = 5.0;
				TARGETED_DEVICE_FAMILY = "1,2";
				TEST_HOST = "$(BUILT_PRODUCTS_DIR)/Disenio.app/Disenio";
			};
			name = Debug;
		};
		D33CBA8F28447D42003307B6 /* Release */ = {
			isa = XCBuildConfiguration;
			buildSettings = {
				ALWAYS_EMBED_SWIFT_STANDARD_LIBRARIES = YES;
				BUNDLE_LOADER = "$(TEST_HOST)";
				CODE_SIGN_STYLE = Automatic;
				CURRENT_PROJECT_VERSION = 1;
				GENERATE_INFOPLIST_FILE = YES;
				IPHONEOS_DEPLOYMENT_TARGET = 15.5;
				MARKETING_VERSION = 1.0;
				PRODUCT_BUNDLE_IDENTIFIER = com.jonathan.casillas.DisenioTests;
				PRODUCT_NAME = "$(TARGET_NAME)";
				SWIFT_EMIT_LOC_STRINGS = NO;
				SWIFT_VERSION = 5.0;
				TARGETED_DEVICE_FAMILY = "1,2";
				TEST_HOST = "$(BUILT_PRODUCTS_DIR)/Disenio.app/Disenio";
			};
			name = Release;
		};
		D33CBA9128447D42003307B6 /* Debug */ = {
			isa = XCBuildConfiguration;
			buildSettings = {
				ALWAYS_EMBED_SWIFT_STANDARD_LIBRARIES = YES;
				CODE_SIGN_STYLE = Automatic;
				CURRENT_PROJECT_VERSION = 1;
				GENERATE_INFOPLIST_FILE = YES;
				MARKETING_VERSION = 1.0;
				PRODUCT_BUNDLE_IDENTIFIER = com.jonathan.casillas.DisenioUITests;
				PRODUCT_NAME = "$(TARGET_NAME)";
				SWIFT_EMIT_LOC_STRINGS = NO;
				SWIFT_VERSION = 5.0;
				TARGETED_DEVICE_FAMILY = "1,2";
				TEST_TARGET_NAME = Disenio;
			};
			name = Debug;
		};
		D33CBA9228447D42003307B6 /* Release */ = {
			isa = XCBuildConfiguration;
			buildSettings = {
				ALWAYS_EMBED_SWIFT_STANDARD_LIBRARIES = YES;
				CODE_SIGN_STYLE = Automatic;
				CURRENT_PROJECT_VERSION = 1;
				GENERATE_INFOPLIST_FILE = YES;
				MARKETING_VERSION = 1.0;
				PRODUCT_BUNDLE_IDENTIFIER = com.jonathan.casillas.DisenioUITests;
				PRODUCT_NAME = "$(TARGET_NAME)";
				SWIFT_EMIT_LOC_STRINGS = NO;
				SWIFT_VERSION = 5.0;
				TARGETED_DEVICE_FAMILY = "1,2";
				TEST_TARGET_NAME = Disenio;
			};
			name = Release;
		};
/* End XCBuildConfiguration section */

/* Begin XCConfigurationList section */
		D33CBA6128447D40003307B6 /* Build configuration list for PBXProject "Disenio" */ = {
			isa = XCConfigurationList;
			buildConfigurations = (
				D33CBA8828447D42003307B6 /* Debug */,
				D33CBA8928447D42003307B6 /* Release */,
			);
			defaultConfigurationIsVisible = 0;
			defaultConfigurationName = Release;
		};
		D33CBA8A28447D42003307B6 /* Build configuration list for PBXNativeTarget "Disenio" */ = {
			isa = XCConfigurationList;
			buildConfigurations = (
				D33CBA8B28447D42003307B6 /* Debug */,
				D33CBA8C28447D42003307B6 /* Release */,
			);
			defaultConfigurationIsVisible = 0;
			defaultConfigurationName = Release;
		};
		D33CBA8D28447D42003307B6 /* Build configuration list for PBXNativeTarget "DisenioTests" */ = {
			isa = XCConfigurationList;
			buildConfigurations = (
				D33CBA8E28447D42003307B6 /* Debug */,
				D33CBA8F28447D42003307B6 /* Release */,
			);
			defaultConfigurationIsVisible = 0;
			defaultConfigurationName = Release;
		};
		D33CBA9028447D42003307B6 /* Build configuration list for PBXNativeTarget "DisenioUITests" */ = {
			isa = XCConfigurationList;
			buildConfigurations = (
				D33CBA9128447D42003307B6 /* Debug */,
				D33CBA9228447D42003307B6 /* Release */,
			);
			defaultConfigurationIsVisible = 0;
			defaultConfigurationName = Release;
		};
/* End XCConfigurationList section */
	};
	rootObject = D33CBA5E28447D40003307B6 /* Project object */;
}
